// !$*UTF8*$!
{
	archiveVersion = 1;
	classes = {
	};
	objectVersion = 50;
	objects = {

/* Begin PBXBuildFile section */
		86F43B4E23A1150600F30FD8 /* AppDelegate.swift in Sources */ = {isa = PBXBuildFile; fileRef = 86F43B4D23A1150600F30FD8 /* AppDelegate.swift */; };
		86F43B5023A1150600F30FD8 /* SceneDelegate.swift in Sources */ = {isa = PBXBuildFile; fileRef = 86F43B4F23A1150600F30FD8 /* SceneDelegate.swift */; };
		86F43B5223A1150600F30FD8 /* ViewController.swift in Sources */ = {isa = PBXBuildFile; fileRef = 86F43B5123A1150600F30FD8 /* ViewController.swift */; };
		86F43B5523A1150600F30FD8 /* Main.storyboard in Resources */ = {isa = PBXBuildFile; fileRef = 86F43B5323A1150600F30FD8 /* Main.storyboard */; };
		86F43B5723A1150700F30FD8 /* Assets.xcassets in Resources */ = {isa = PBXBuildFile; fileRef = 86F43B5623A1150700F30FD8 /* Assets.xcassets */; };
		86F43B5A23A1150700F30FD8 /* LaunchScreen.storyboard in Resources */ = {isa = PBXBuildFile; fileRef = 86F43B5823A1150700F30FD8 /* LaunchScreen.storyboard */; };
		86F43B6523A1150700F30FD8 /* MyAppTests.swift in Sources */ = {isa = PBXBuildFile; fileRef = 86F43B6423A1150700F30FD8 /* MyAppTests.swift */; };
		86F43B7023A1150700F30FD8 /* MyAppUITests.swift in Sources */ = {isa = PBXBuildFile; fileRef = 86F43B6F23A1150700F30FD8 /* MyAppUITests.swift */; };
/* End PBXBuildFile section */

/* Begin PBXContainerItemProxy section */
		86F43B6123A1150700F30FD8 /* PBXContainerItemProxy */ = {
			isa = PBXContainerItemProxy;
			containerPortal = 86F43B4223A1150600F30FD8 /* Project object */;
			proxyType = 1;
			remoteGlobalIDString = 86F43B4923A1150600F30FD8;
			remoteInfo = MyApp;
		};
		86F43B6C23A1150700F30FD8 /* PBXContainerItemProxy */ = {
			isa = PBXContainerItemProxy;
			containerPortal = 86F43B4223A1150600F30FD8 /* Project object */;
			proxyType = 1;
			remoteGlobalIDString = 86F43B4923A1150600F30FD8;
			remoteInfo = MyApp;
		};
/* End PBXContainerItemProxy section */

/* Begin PBXFileReference section */
		86F43B4A23A1150600F30FD8 /* MyApp.app */ = {isa = PBXFileReference; explicitFileType = wrapper.application; includeInIndex = 0; path = MyApp.app; sourceTree = BUILT_PRODUCTS_DIR; };
		86F43B4D23A1150600F30FD8 /* AppDelegate.swift */ = {isa = PBXFileReference; lastKnownFileType = sourcecode.swift; path = AppDelegate.swift; sourceTree = "<group>"; };
		86F43B4F23A1150600F30FD8 /* SceneDelegate.swift */ = {isa = PBXFileReference; lastKnownFileType = sourcecode.swift; path = SceneDelegate.swift; sourceTree = "<group>"; };
		86F43B5123A1150600F30FD8 /* ViewController.swift */ = {isa = PBXFileReference; lastKnownFileType = sourcecode.swift; path = ViewController.swift; sourceTree = "<group>"; };
		86F43B5423A1150600F30FD8 /* Base */ = {isa = PBXFileReference; lastKnownFileType = file.storyboard; name = Base; path = Base.lproj/Main.storyboard; sourceTree = "<group>"; };
		86F43B5623A1150700F30FD8 /* Assets.xcassets */ = {isa = PBXFileReference; lastKnownFileType = folder.assetcatalog; path = Assets.xcassets; sourceTree = "<group>"; };
		86F43B5923A1150700F30FD8 /* Base */ = {isa = PBXFileReference; lastKnownFileType = file.storyboard; name = Base; path = Base.lproj/LaunchScreen.storyboard; sourceTree = "<group>"; };
		86F43B5B23A1150700F30FD8 /* Info.plist */ = {isa = PBXFileReference; lastKnownFileType = text.plist.xml; path = Info.plist; sourceTree = "<group>"; };
		86F43B6023A1150700F30FD8 /* MyAppTests.xctest */ = {isa = PBXFileReference; explicitFileType = wrapper.cfbundle; includeInIndex = 0; path = MyAppTests.xctest; sourceTree = BUILT_PRODUCTS_DIR; };
		86F43B6423A1150700F30FD8 /* MyAppTests.swift */ = {isa = PBXFileReference; lastKnownFileType = sourcecode.swift; path = MyAppTests.swift; sourceTree = "<group>"; };
		86F43B6623A1150700F30FD8 /* Info.plist */ = {isa = PBXFileReference; lastKnownFileType = text.plist.xml; path = Info.plist; sourceTree = "<group>"; };
		86F43B6B23A1150700F30FD8 /* MyAppUITests.xctest */ = {isa = PBXFileReference; explicitFileType = wrapper.cfbundle; includeInIndex = 0; path = MyAppUITests.xctest; sourceTree = BUILT_PRODUCTS_DIR; };
		86F43B6F23A1150700F30FD8 /* MyAppUITests.swift */ = {isa = PBXFileReference; lastKnownFileType = sourcecode.swift; path = MyAppUITests.swift; sourceTree = "<group>"; };
		86F43B7123A1150700F30FD8 /* Info.plist */ = {isa = PBXFileReference; lastKnownFileType = text.plist.xml; path = Info.plist; sourceTree = "<group>"; };
/* End PBXFileReference section */

/* Begin PBXFrameworksBuildPhase section */
		86F43B4723A1150600F30FD8 /* Frameworks */ = {
			isa = PBXFrameworksBuildPhase;
			buildActionMask = 2147483647;
			files = (
			);
			runOnlyForDeploymentPostprocessing = 0;
		};
		86F43B5D23A1150700F30FD8 /* Frameworks */ = {
			isa = PBXFrameworksBuildPhase;
			buildActionMask = 2147483647;
			files = (
			);
			runOnlyForDeploymentPostprocessing = 0;
		};
		86F43B6823A1150700F30FD8 /* Frameworks */ = {
			isa = PBXFrameworksBuildPhase;
			buildActionMask = 2147483647;
			files = (
			);
			runOnlyForDeploymentPostprocessing = 0;
		};
/* End PBXFrameworksBuildPhase section */

/* Begin PBXGroup section */
		86F43B4123A1150600F30FD8 = {
			isa = PBXGroup;
			children = (
				86F43B4C23A1150600F30FD8 /* MyApp */,
				86F43B6323A1150700F30FD8 /* MyAppTests */,
				86F43B6E23A1150700F30FD8 /* MyAppUITests */,
				86F43B4B23A1150600F30FD8 /* Products */,
			);
			sourceTree = "<group>";
		};
		86F43B4B23A1150600F30FD8 /* Products */ = {
			isa = PBXGroup;
			children = (
				86F43B4A23A1150600F30FD8 /* MyApp.app */,
				86F43B6023A1150700F30FD8 /* MyAppTests.xctest */,
				86F43B6B23A1150700F30FD8 /* MyAppUITests.xctest */,
			);
			name = Products;
			sourceTree = "<group>";
		};
		86F43B4C23A1150600F30FD8 /* MyApp */ = {
			isa = PBXGroup;
			children = (
				86F43B4D23A1150600F30FD8 /* AppDelegate.swift */,
				86F43B4F23A1150600F30FD8 /* SceneDelegate.swift */,
				86F43B5123A1150600F30FD8 /* ViewController.swift */,
				86F43B5323A1150600F30FD8 /* Main.storyboard */,
				86F43B5623A1150700F30FD8 /* Assets.xcassets */,
				86F43B5823A1150700F30FD8 /* LaunchScreen.storyboard */,
				86F43B5B23A1150700F30FD8 /* Info.plist */,
			);
			path = MyApp;
			sourceTree = "<group>";
		};
		86F43B6323A1150700F30FD8 /* MyAppTests */ = {
			isa = PBXGroup;
			children = (
				86F43B6423A1150700F30FD8 /* MyAppTests.swift */,
				86F43B6623A1150700F30FD8 /* Info.plist */,
			);
			path = MyAppTests;
			sourceTree = "<group>";
		};
		86F43B6E23A1150700F30FD8 /* MyAppUITests */ = {
			isa = PBXGroup;
			children = (
				86F43B6F23A1150700F30FD8 /* MyAppUITests.swift */,
				86F43B7123A1150700F30FD8 /* Info.plist */,
			);
			path = MyAppUITests;
			sourceTree = "<group>";
		};
/* End PBXGroup section */

/* Begin PBXNativeTarget section */
		86F43B4923A1150600F30FD8 /* MyApp */ = {
			isa = PBXNativeTarget;
			buildConfigurationList = 86F43B7423A1150700F30FD8 /* Build configuration list for PBXNativeTarget "MyApp" */;
			buildPhases = (
				86F43B4623A1150600F30FD8 /* Sources */,
				86F43B4723A1150600F30FD8 /* Frameworks */,
				86F43B4823A1150600F30FD8 /* Resources */,
			);
			buildRules = (
			);
			dependencies = (
			);
			name = MyApp;
			productName = MyApp;
			productReference = 86F43B4A23A1150600F30FD8 /* MyApp.app */;
			productType = "com.apple.product-type.application";
		};
		86F43B5F23A1150700F30FD8 /* MyAppTests */ = {
			isa = PBXNativeTarget;
			buildConfigurationList = 86F43B7723A1150700F30FD8 /* Build configuration list for PBXNativeTarget "MyAppTests" */;
			buildPhases = (
				86F43B5C23A1150700F30FD8 /* Sources */,
				86F43B5D23A1150700F30FD8 /* Frameworks */,
				86F43B5E23A1150700F30FD8 /* Resources */,
			);
			buildRules = (
			);
			dependencies = (
				86F43B6223A1150700F30FD8 /* PBXTargetDependency */,
			);
			name = MyAppTests;
			productName = MyAppTests;
			productReference = 86F43B6023A1150700F30FD8 /* MyAppTests.xctest */;
			productType = "com.apple.product-type.bundle.unit-test";
		};
		86F43B6A23A1150700F30FD8 /* MyAppUITests */ = {
			isa = PBXNativeTarget;
			buildConfigurationList = 86F43B7A23A1150700F30FD8 /* Build configuration list for PBXNativeTarget "MyAppUITests" */;
			buildPhases = (
				86F43B6723A1150700F30FD8 /* Sources */,
				86F43B6823A1150700F30FD8 /* Frameworks */,
				86F43B6923A1150700F30FD8 /* Resources */,
			);
			buildRules = (
			);
			dependencies = (
				86F43B6D23A1150700F30FD8 /* PBXTargetDependency */,
			);
			name = MyAppUITests;
			productName = MyAppUITests;
			productReference = 86F43B6B23A1150700F30FD8 /* MyAppUITests.xctest */;
			productType = "com.apple.product-type.bundle.ui-testing";
		};
/* End PBXNativeTarget section */

/* Begin PBXProject section */
		86F43B4223A1150600F30FD8 /* Project object */ = {
			isa = PBXProject;
			attributes = {
				LastSwiftUpdateCheck = 1120;
				LastUpgradeCheck = 1120;
				ORGANIZATIONNAME = ZhixiangTan;
				TargetAttributes = {
					86F43B4923A1150600F30FD8 = {
						CreatedOnToolsVersion = 11.2.1;
					};
					86F43B5F23A1150700F30FD8 = {
						CreatedOnToolsVersion = 11.2.1;
						TestTargetID = 86F43B4923A1150600F30FD8;
					};
					86F43B6A23A1150700F30FD8 = {
						CreatedOnToolsVersion = 11.2.1;
						TestTargetID = 86F43B4923A1150600F30FD8;
					};
				};
			};
			buildConfigurationList = 86F43B4523A1150600F30FD8 /* Build configuration list for PBXProject "MyApp" */;
			compatibilityVersion = "Xcode 9.3";
			developmentRegion = en;
			hasScannedForEncodings = 0;
			knownRegions = (
				en,
				Base,
			);
			mainGroup = 86F43B4123A1150600F30FD8;
			productRefGroup = 86F43B4B23A1150600F30FD8 /* Products */;
			projectDirPath = "";
			projectRoot = "";
			targets = (
				86F43B4923A1150600F30FD8 /* MyApp */,
				86F43B5F23A1150700F30FD8 /* MyAppTests */,
				86F43B6A23A1150700F30FD8 /* MyAppUITests */,
			);
		};
/* End PBXProject section */

/* Begin PBXResourcesBuildPhase section */
		86F43B4823A1150600F30FD8 /* Resources */ = {
			isa = PBXResourcesBuildPhase;
			buildActionMask = 2147483647;
			files = (
				86F43B5A23A1150700F30FD8 /* LaunchScreen.storyboard in Resources */,
				86F43B5723A1150700F30FD8 /* Assets.xcassets in Resources */,
				86F43B5523A1150600F30FD8 /* Main.storyboard in Resources */,
			);
			runOnlyForDeploymentPostprocessing = 0;
		};
		86F43B5E23A1150700F30FD8 /* Resources */ = {
			isa = PBXResourcesBuildPhase;
			buildActionMask = 2147483647;
			files = (
			);
			runOnlyForDeploymentPostprocessing = 0;
		};
		86F43B6923A1150700F30FD8 /* Resources */ = {
			isa = PBXResourcesBuildPhase;
			buildActionMask = 2147483647;
			files = (
			);
			runOnlyForDeploymentPostprocessing = 0;
		};
/* End PBXResourcesBuildPhase section */

/* Begin PBXSourcesBuildPhase section */
		86F43B4623A1150600F30FD8 /* Sources */ = {
			isa = PBXSourcesBuildPhase;
			buildActionMask = 2147483647;
			files = (
				86F43B5223A1150600F30FD8 /* ViewController.swift in Sources */,
				86F43B4E23A1150600F30FD8 /* AppDelegate.swift in Sources */,
				86F43B5023A1150600F30FD8 /* SceneDelegate.swift in Sources */,
			);
			runOnlyForDeploymentPostprocessing = 0;
		};
		86F43B5C23A1150700F30FD8 /* Sources */ = {
			isa = PBXSourcesBuildPhase;
			buildActionMask = 2147483647;
			files = (
				86F43B6523A1150700F30FD8 /* MyAppTests.swift in Sources */,
			);
			runOnlyForDeploymentPostprocessing = 0;
		};
		86F43B6723A1150700F30FD8 /* Sources */ = {
			isa = PBXSourcesBuildPhase;
			buildActionMask = 2147483647;
			files = (
				86F43B7023A1150700F30FD8 /* MyAppUITests.swift in Sources */,
			);
			runOnlyForDeploymentPostprocessing = 0;
		};
/* End PBXSourcesBuildPhase section */

/* Begin PBXTargetDependency section */
		86F43B6223A1150700F30FD8 /* PBXTargetDependency */ = {
			isa = PBXTargetDependency;
			target = 86F43B4923A1150600F30FD8 /* MyApp */;
			targetProxy = 86F43B6123A1150700F30FD8 /* PBXContainerItemProxy */;
		};
		86F43B6D23A1150700F30FD8 /* PBXTargetDependency */ = {
			isa = PBXTargetDependency;
			target = 86F43B4923A1150600F30FD8 /* MyApp */;
			targetProxy = 86F43B6C23A1150700F30FD8 /* PBXContainerItemProxy */;
		};
/* End PBXTargetDependency section */

/* Begin PBXVariantGroup section */
		86F43B5323A1150600F30FD8 /* Main.storyboard */ = {
			isa = PBXVariantGroup;
			children = (
				86F43B5423A1150600F30FD8 /* Base */,
			);
			name = Main.storyboard;
			sourceTree = "<group>";
		};
		86F43B5823A1150700F30FD8 /* LaunchScreen.storyboard */ = {
			isa = PBXVariantGroup;
			children = (
				86F43B5923A1150700F30FD8 /* Base */,
			);
			name = LaunchScreen.storyboard;
			sourceTree = "<group>";
		};
/* End PBXVariantGroup section */

/* Begin XCBuildConfiguration section */
		86F43B7223A1150700F30FD8 /* Debug */ = {
			isa = XCBuildConfiguration;
			buildSettings = {
				ALWAYS_SEARCH_USER_PATHS = NO;
				CLANG_ANALYZER_NONNULL = YES;
				CLANG_ANALYZER_NUMBER_OBJECT_CONVERSION = YES_AGGRESSIVE;
				CLANG_CXX_LANGUAGE_STANDARD = "gnu++14";
				CLANG_CXX_LIBRARY = "libc++";
				CLANG_ENABLE_MODULES = YES;
				CLANG_ENABLE_OBJC_ARC = YES;
				CLANG_ENABLE_OBJC_WEAK = YES;
				CLANG_WARN_BLOCK_CAPTURE_AUTORELEASING = YES;
				CLANG_WARN_BOOL_CONVERSION = YES;
				CLANG_WARN_COMMA = YES;
				CLANG_WARN_CONSTANT_CONVERSION = YES;
				CLANG_WARN_DEPRECATED_OBJC_IMPLEMENTATIONS = YES;
				CLANG_WARN_DIRECT_OBJC_ISA_USAGE = YES_ERROR;
				CLANG_WARN_DOCUMENTATION_COMMENTS = YES;
				CLANG_WARN_EMPTY_BODY = YES;
				CLANG_WARN_ENUM_CONVERSION = YES;
				CLANG_WARN_INFINITE_RECURSION = YES;
				CLANG_WARN_INT_CONVERSION = YES;
				CLANG_WARN_NON_LITERAL_NULL_CONVERSION = YES;
				CLANG_WARN_OBJC_IMPLICIT_RETAIN_SELF = YES;
				CLANG_WARN_OBJC_LITERAL_CONVERSION = YES;
				CLANG_WARN_OBJC_ROOT_CLASS = YES_ERROR;
				CLANG_WARN_RANGE_LOOP_ANALYSIS = YES;
				CLANG_WARN_STRICT_PROTOTYPES = YES;
				CLANG_WARN_SUSPICIOUS_MOVE = YES;
				CLANG_WARN_UNGUARDED_AVAILABILITY = YES_AGGRESSIVE;
				CLANG_WARN_UNREACHABLE_CODE = YES;
				CLANG_WARN__DUPLICATE_METHOD_MATCH = YES;
				COPY_PHASE_STRIP = NO;
				DEBUG_INFORMATION_FORMAT = dwarf;
				ENABLE_STRICT_OBJC_MSGSEND = YES;
				ENABLE_TESTABILITY = YES;
				GCC_C_LANGUAGE_STANDARD = gnu11;
				GCC_DYNAMIC_NO_PIC = NO;
				GCC_NO_COMMON_BLOCKS = YES;
				GCC_OPTIMIZATION_LEVEL = 0;
				GCC_PREPROCESSOR_DEFINITIONS = (
					"DEBUG=1",
					"$(inherited)",
				);
				GCC_WARN_64_TO_32_BIT_CONVERSION = YES;
				GCC_WARN_ABOUT_RETURN_TYPE = YES_ERROR;
				GCC_WARN_UNDECLARED_SELECTOR = YES;
				GCC_WARN_UNINITIALIZED_AUTOS = YES_AGGRESSIVE;
				GCC_WARN_UNUSED_FUNCTION = YES;
				GCC_WARN_UNUSED_VARIABLE = YES;
				IPHONEOS_DEPLOYMENT_TARGET = 13.2;
				MTL_ENABLE_DEBUG_INFO = INCLUDE_SOURCE;
				MTL_FAST_MATH = YES;
				ONLY_ACTIVE_ARCH = YES;
				SDKROOT = iphoneos;
				SWIFT_ACTIVE_COMPILATION_CONDITIONS = DEBUG;
				SWIFT_OPTIMIZATION_LEVEL = "-Onone";
			};
			name = Debug;
		};
		86F43B7323A1150700F30FD8 /* Release */ = {
			isa = XCBuildConfiguration;
			buildSettings = {
				ALWAYS_SEARCH_USER_PATHS = NO;
				CLANG_ANALYZER_NONNULL = YES;
				CLANG_ANALYZER_NUMBER_OBJECT_CONVERSION = YES_AGGRESSIVE;
				CLANG_CXX_LANGUAGE_STANDARD = "gnu++14";
				CLANG_CXX_LIBRARY = "libc++";
				CLANG_ENABLE_MODULES = YES;
				CLANG_ENABLE_OBJC_ARC = YES;
				CLANG_ENABLE_OBJC_WEAK = YES;
				CLANG_WARN_BLOCK_CAPTURE_AUTORELEASING = YES;
				CLANG_WARN_BOOL_CONVERSION = YES;
				CLANG_WARN_COMMA = YES;
				CLANG_WARN_CONSTANT_CONVERSION = YES;
				CLANG_WARN_DEPRECATED_OBJC_IMPLEMENTATIONS = YES;
				CLANG_WARN_DIRECT_OBJC_ISA_USAGE = YES_ERROR;
				CLANG_WARN_DOCUMENTATION_COMMENTS = YES;
				CLANG_WARN_EMPTY_BODY = YES;
				CLANG_WARN_ENUM_CONVERSION = YES;
				CLANG_WARN_INFINITE_RECURSION = YES;
				CLANG_WARN_INT_CONVERSION = YES;
				CLANG_WARN_NON_LITERAL_NULL_CONVERSION = YES;
				CLANG_WARN_OBJC_IMPLICIT_RETAIN_SELF = YES;
				CLANG_WARN_OBJC_LITERAL_CONVERSION = YES;
				CLANG_WARN_OBJC_ROOT_CLASS = YES_ERROR;
				CLANG_WARN_RANGE_LOOP_ANALYSIS = YES;
				CLANG_WARN_STRICT_PROTOTYPES = YES;
				CLANG_WARN_SUSPICIOUS_MOVE = YES;
				CLANG_WARN_UNGUARDED_AVAILABILITY = YES_AGGRESSIVE;
				CLANG_WARN_UNREACHABLE_CODE = YES;
				CLANG_WARN__DUPLICATE_METHOD_MATCH = YES;
				COPY_PHASE_STRIP = NO;
				DEBUG_INFORMATION_FORMAT = "dwarf-with-dsym";
				ENABLE_NS_ASSERTIONS = NO;
				ENABLE_STRICT_OBJC_MSGSEND = YES;
				GCC_C_LANGUAGE_STANDARD = gnu11;
				GCC_NO_COMMON_BLOCKS = YES;
				GCC_WARN_64_TO_32_BIT_CONVERSION = YES;
				GCC_WARN_ABOUT_RETURN_TYPE = YES_ERROR;
				GCC_WARN_UNDECLARED_SELECTOR = YES;
				GCC_WARN_UNINITIALIZED_AUTOS = YES_AGGRESSIVE;
				GCC_WARN_UNUSED_FUNCTION = YES;
				GCC_WARN_UNUSED_VARIABLE = YES;
				IPHONEOS_DEPLOYMENT_TARGET = 13.2;
				MTL_ENABLE_DEBUG_INFO = NO;
				MTL_FAST_MATH = YES;
				SDKROOT = iphoneos;
				SWIFT_COMPILATION_MODE = wholemodule;
				SWIFT_OPTIMIZATION_LEVEL = "-O";
				VALIDATE_PRODUCT = YES;
			};
			name = Release;
		};
		86F43B7523A1150700F30FD8 /* Debug */ = {
			isa = XCBuildConfiguration;
			buildSettings = {
				ASSETCATALOG_COMPILER_APPICON_NAME = AppIcon;
				CODE_SIGN_STYLE = Automatic;
				DEVELOPMENT_TEAM = 4X68GG9FP7;
				INFOPLIST_FILE = MyApp/Info.plist;
				LD_RUNPATH_SEARCH_PATHS = (
					"$(inherited)",
					"@executable_path/Frameworks",
				);
				PRODUCT_BUNDLE_IDENTIFIER = zhixiangtan.MyApp;
				PRODUCT_NAME = "$(TARGET_NAME)";
				SWIFT_VERSION = 5.0;
				TARGETED_DEVICE_FAMILY = "1,2";
			};
			name = Debug;
		};
		86F43B7623A1150700F30FD8 /* Release */ = {
			isa = XCBuildConfiguration;
			buildSettings = {
				ASSETCATALOG_COMPILER_APPICON_NAME = AppIcon;
				CODE_SIGN_STYLE = Automatic;
				DEVELOPMENT_TEAM = 4X68GG9FP7;
				INFOPLIST_FILE = MyApp/Info.plist;
				LD_RUNPATH_SEARCH_PATHS = (
					"$(inherited)",
					"@executable_path/Frameworks",
				);
				PRODUCT_BUNDLE_IDENTIFIER = zhixiangtan.MyApp;
				PRODUCT_NAME = "$(TARGET_NAME)";
				SWIFT_VERSION = 5.0;
				TARGETED_DEVICE_FAMILY = "1,2";
			};
			name = Release;
		};
		86F43B7823A1150700F30FD8 /* Debug */ = {
			isa = XCBuildConfiguration;
			buildSettings = {
				ALWAYS_EMBED_SWIFT_STANDARD_LIBRARIES = YES;
				BUNDLE_LOADER = "$(TEST_HOST)";
				CODE_SIGN_STYLE = Automatic;
				DEVELOPMENT_TEAM = 4X68GG9FP7;
				INFOPLIST_FILE = MyAppTests/Info.plist;
				IPHONEOS_DEPLOYMENT_TARGET = 13.2;
				LD_RUNPATH_SEARCH_PATHS = (
					"$(inherited)",
					"@executable_path/Frameworks",
					"@loader_path/Frameworks",
				);
				PRODUCT_BUNDLE_IDENTIFIER = zhixiangtan.MyAppTests;
				PRODUCT_NAME = "$(TARGET_NAME)";
				SWIFT_VERSION = 5.0;
				TARGETED_DEVICE_FAMILY = "1,2";
				TEST_HOST = "$(BUILT_PRODUCTS_DIR)/MyApp.app/MyApp";
			};
			name = Debug;
		};
		86F43B7923A1150700F30FD8 /* Release */ = {
			isa = XCBuildConfiguration;
			buildSettings = {
				ALWAYS_EMBED_SWIFT_STANDARD_LIBRARIES = YES;
				BUNDLE_LOADER = "$(TEST_HOST)";
				CODE_SIGN_STYLE = Automatic;
				DEVELOPMENT_TEAM = 4X68GG9FP7;
				INFOPLIST_FILE = MyAppTests/Info.plist;
				IPHONEOS_DEPLOYMENT_TARGET = 13.2;
				LD_RUNPATH_SEARCH_PATHS = (
					"$(inherited)",
					"@executable_path/Frameworks",
					"@loader_path/Frameworks",
				);
				PRODUCT_BUNDLE_IDENTIFIER = zhixiangtan.MyAppTests;
				PRODUCT_NAME = "$(TARGET_NAME)";
				SWIFT_VERSION = 5.0;
				TARGETED_DEVICE_FAMILY = "1,2";
				TEST_HOST = "$(BUILT_PRODUCTS_DIR)/MyApp.app/MyApp";
			};
			name = Release;
		};
		86F43B7B23A1150700F30FD8 /* Debug */ = {
			isa = XCBuildConfiguration;
			buildSettings = {
				ALWAYS_EMBED_SWIFT_STANDARD_LIBRARIES = YES;
				CODE_SIGN_STYLE = Automatic;
				DEVELOPMENT_TEAM = 4X68GG9FP7;
				INFOPLIST_FILE = MyAppUITests/Info.plist;
				LD_RUNPATH_SEARCH_PATHS = (
					"$(inherited)",
					"@executable_path/Frameworks",
					"@loader_path/Frameworks",
				);
				PRODUCT_BUNDLE_IDENTIFIER = zhixiangtan.MyAppUITests;
				PRODUCT_NAME = "$(TARGET_NAME)";
				SWIFT_VERSION = 5.0;
				TARGETED_DEVICE_FAMILY = "1,2";
				TEST_TARGET_NAME = MyApp;
			};
			name = Debug;
		};
		86F43B7C23A1150700F30FD8 /* Release */ = {
			isa = XCBuildConfiguration;
			buildSettings = {
				ALWAYS_EMBED_SWIFT_STANDARD_LIBRARIES = YES;
				CODE_SIGN_STYLE = Automatic;
				DEVELOPMENT_TEAM = 4X68GG9FP7;
				INFOPLIST_FILE = MyAppUITests/Info.plist;
				LD_RUNPATH_SEARCH_PATHS = (
					"$(inherited)",
					"@executable_path/Frameworks",
					"@loader_path/Frameworks",
				);
				PRODUCT_BUNDLE_IDENTIFIER = zhixiangtan.MyAppUITests;
				PRODUCT_NAME = "$(TARGET_NAME)";
				SWIFT_VERSION = 5.0;
				TARGETED_DEVICE_FAMILY = "1,2";
				TEST_TARGET_NAME = MyApp;
			};
			name = Release;
		};
/* End XCBuildConfiguration section */

/* Begin XCConfigurationList section */
		86F43B4523A1150600F30FD8 /* Build configuration list for PBXProject "MyApp" */ = {
			isa = XCConfigurationList;
			buildConfigurations = (
				86F43B7223A1150700F30FD8 /* Debug */,
				86F43B7323A1150700F30FD8 /* Release */,
			);
			defaultConfigurationIsVisible = 0;
			defaultConfigurationName = Release;
		};
		86F43B7423A1150700F30FD8 /* Build configuration list for PBXNativeTarget "MyApp" */ = {
			isa = XCConfigurationList;
			buildConfigurations = (
				86F43B7523A1150700F30FD8 /* Debug */,
				86F43B7623A1150700F30FD8 /* Release */,
			);
			defaultConfigurationIsVisible = 0;
			defaultConfigurationName = Release;
		};
		86F43B7723A1150700F30FD8 /* Build configuration list for PBXNativeTarget "MyAppTests" */ = {
			isa = XCConfigurationList;
			buildConfigurations = (
				86F43B7823A1150700F30FD8 /* Debug */,
				86F43B7923A1150700F30FD8 /* Release */,
			);
			defaultConfigurationIsVisible = 0;
			defaultConfigurationName = Release;
		};
		86F43B7A23A1150700F30FD8 /* Build configuration list for PBXNativeTarget "MyAppUITests" */ = {
			isa = XCConfigurationList;
			buildConfigurations = (
				86F43B7B23A1150700F30FD8 /* Debug */,
				86F43B7C23A1150700F30FD8 /* Release */,
			);
			defaultConfigurationIsVisible = 0;
			defaultConfigurationName = Release;
		};
/* End XCConfigurationList section */
	};
	rootObject = 86F43B4223A1150600F30FD8 /* Project object */;
}
